// !$*UTF8*$!
{
	archiveVersion = 1;
	classes = {
	};
	objectVersion = 46;
	objects = {

/* Begin PBXBuildFile section */
		0FBBE08D1D078E7A000460A6 /* main.cpp in Sources */ = {isa = PBXBuildFile; fileRef = 0FBBE08C1D078E7A000460A6 /* main.cpp */; };
/* End PBXBuildFile section */

/* Begin PBXCopyFilesBuildPhase section */
		0FBBE0871D078E7A000460A6 /* CopyFiles */ = {
			isa = PBXCopyFilesBuildPhase;
			buildActionMask = 2147483647;
			dstPath = /usr/share/man/man1/;
			dstSubfolderSpec = 0;
			files = (
			);
			runOnlyForDeploymentPostprocessing = 1;
		};
/* End PBXCopyFilesBuildPhase section */

/* Begin PBXFileReference section */
		0FBBE0891D078E7A000460A6 /* SG-problem1 */ = {isa = PBXFileReference; explicitFileType = "compiled.mach-o.executable"; includeInIndex = 0; path = "SG-problem1"; sourceTree = BUILT_PRODUCTS_DIR; };
		0FBBE08C1D078E7A000460A6 /* main.cpp */ = {isa = PBXFileReference; lastKnownFileType = sourcecode.cpp.cpp; path = main.cpp; sourceTree = "<group>"; };
		0FBBE0931D078E93000460A6 /* README.TXT */ = {isa = PBXFileReference; fileEncoding = 4; lastKnownFileType = text; path = README.TXT; sourceTree = "<group>"; };
		0FBBE0951D079273000460A6 /* birth-death-clean-data.csv */ = {isa = PBXFileReference; fileEncoding = 4; lastKnownFileType = text; path = "birth-death-clean-data.csv"; sourceTree = "<group>"; };
		0FBBE0961D079273000460A6 /* bad-data.csv */ = {isa = PBXFileReference; fileEncoding = 4; lastKnownFileType = text; path = "bad-data.csv"; sourceTree = "<group>"; };
		0FBBE0971D079273000460A6 /* test-data.csv */ = {isa = PBXFileReference; fileEncoding = 4; lastKnownFileType = text; path = "test-data.csv"; sourceTree = "<group>"; };
		0FBBE0981D079273000460A6 /* birth-death-data.csv */ = {isa = PBXFileReference; fileEncoding = 4; lastKnownFileType = text; path = "birth-death-data.csv"; sourceTree = "<group>"; };
		0FBBE0991D0792C0000460A6 /* output.txt */ = {isa = PBXFileReference; fileEncoding = 4; lastKnownFileType = text; name = output.txt; path = ../output.txt; sourceTree = "<group>"; };
/* End PBXFileReference section */

/* Begin PBXFrameworksBuildPhase section */
		0FBBE0861D078E7A000460A6 /* Frameworks */ = {
			isa = PBXFrameworksBuildPhase;
			buildActionMask = 2147483647;
			files = (
			);
			runOnlyForDeploymentPostprocessing = 0;
		};
/* End PBXFrameworksBuildPhase section */

/* Begin PBXGroup section */
		0FBBE0801D078E7A000460A6 = {
			isa = PBXGroup;
			children = (
				0FBBE08B1D078E7A000460A6 /* SG-problem1 */,
				0FBBE08A1D078E7A000460A6 /* Products */,
			);
			sourceTree = "<group>";
		};
		0FBBE08A1D078E7A000460A6 /* Products */ = {
			isa = PBXGroup;
			children = (
				0FBBE0891D078E7A000460A6 /* SG-problem1 */,
			);
			name = Products;
			sourceTree = "<group>";
		};
		0FBBE08B1D078E7A000460A6 /* SG-problem1 */ = {
			isa = PBXGroup;
			children = (
				0FBBE0941D079258000460A6 /* data */,
				0FBBE08C1D078E7A000460A6 /* main.cpp */,
				0FBBE0931D078E93000460A6 /* README.TXT */,
				0FBBE0991D0792C0000460A6 /* output.txt */,
			);
			path = "SG-problem1";
			sourceTree = "<group>";
		};
		0FBBE0941D079258000460A6 /* data */ = {
			isa = PBXGroup;
			children = (
				0FBBE0951D079273000460A6 /* birth-death-clean-data.csv */,
				0FBBE0961D079273000460A6 /* bad-data.csv */,
				0FBBE0971D079273000460A6 /* test-data.csv */,
				0FBBE0981D079273000460A6 /* birth-death-data.csv */,
			);
			name = data;
			sourceTree = "<group>";
		};
/* End PBXGroup section */

/* Begin PBXNativeTarget section */
		0FBBE0881D078E7A000460A6 /* SG-problem1 */ = {
			isa = PBXNativeTarget;
			buildConfigurationList = 0FBBE0901D078E7A000460A6 /* Build configuration list for PBXNativeTarget "SG-problem1" */;
			buildPhases = (
				0FBBE0851D078E7A000460A6 /* Sources */,
				0FBBE0861D078E7A000460A6 /* Frameworks */,
				0FBBE0871D078E7A000460A6 /* CopyFiles */,
			);
			buildRules = (
			);
			dependencies = (
			);
			name = "SG-problem1";
			productName = "SG-problem1";
			productReference = 0FBBE0891D078E7A000460A6 /* SG-problem1 */;
			productType = "com.apple.product-type.tool";
		};
/* End PBXNativeTarget section */

/* Begin PBXProject section */
		0FBBE0811D078E7A000460A6 /* Project object */ = {
			isa = PBXProject;
			attributes = {
				LastUpgradeCheck = 0730;
				ORGANIZATIONNAME = "Paul Ledeboer";
				TargetAttributes = {
					0FBBE0881D078E7A000460A6 = {
						CreatedOnToolsVersion = 7.3;
					};
				};
			};
			buildConfigurationList = 0FBBE0841D078E7A000460A6 /* Build configuration list for PBXProject "SG-problem1" */;
			compatibilityVersion = "Xcode 3.2";
			developmentRegion = English;
			hasScannedForEncodings = 0;
			knownRegions = (
				en,
			);
			mainGroup = 0FBBE0801D078E7A000460A6;
			productRefGroup = 0FBBE08A1D078E7A000460A6 /* Products */;
			projectDirPath = "";
			projectRoot = "";
			targets = (
				0FBBE0881D078E7A000460A6 /* SG-problem1 */,
			);
		};
/* End PBXProject section */

/* Begin PBXSourcesBuildPhase section */
		0FBBE0851D078E7A000460A6 /* Sources */ = {
			isa = PBXSourcesBuildPhase;
			buildActionMask = 2147483647;
			files = (
				0FBBE08D1D078E7A000460A6 /* main.cpp in Sources */,
			);
			runOnlyForDeploymentPostprocessing = 0;
		};
/* End PBXSourcesBuildPhase section */

/* Begin XCBuildConfiguration section */
		0FBBE08E1D078E7A000460A6 /* Debug */ = {
			isa = XCBuildConfiguration;
			buildSettings = {
				ALWAYS_SEARCH_USER_PATHS = NO;
				CLANG_ANALYZER_NONNULL = YES;
				CLANG_CXX_LANGUAGE_STANDARD = "gnu++0x";
				CLANG_CXX_LIBRARY = "libc++";
				CLANG_ENABLE_MODULES = YES;
				CLANG_ENABLE_OBJC_ARC = YES;
				CLANG_WARN_BOOL_CONVERSION = YES;
				CLANG_WARN_CONSTANT_CONVERSION = YES;
				CLANG_WARN_DIRECT_OBJC_ISA_USAGE = YES_ERROR;
				CLANG_WARN_EMPTY_BODY = YES;
				CLANG_WARN_ENUM_CONVERSION = YES;
				CLANG_WARN_INT_CONVERSION = YES;
				CLANG_WARN_OBJC_ROOT_CLASS = YES_ERROR;
				CLANG_WARN_UNREACHABLE_CODE = YES;
				CLANG_WARN__DUPLICATE_METHOD_MATCH = YES;
				CODE_SIGN_IDENTITY = "-";
				COPY_PHASE_STRIP = NO;
				DEBUG_INFORMATION_FORMAT = dwarf;
				ENABLE_STRICT_OBJC_MSGSEND = YES;
				ENABLE_TESTABILITY = YES;
				GCC_C_LANGUAGE_STANDARD = gnu99;
				GCC_DYNAMIC_NO_PIC = NO;
				GCC_NO_COMMON_BLOCKS = YES;
				GCC_OPTIMIZATION_LEVEL = 0;
				GCC_PREPROCESSOR_DEFINITIONS = (
					"DEBUG=1",
					"$(inherited)",
				);
				GCC_WARN_64_TO_32_BIT_CONVERSION = YES;
				GCC_WARN_ABOUT_RETURN_TYPE = YES_ERROR;
				GCC_WARN_UNDECLARED_SELECTOR = YES;
				GCC_WARN_UNINITIALIZED_AUTOS = YES_AGGRESSIVE;
				GCC_WARN_UNUSED_FUNCTION = YES;
				GCC_WARN_UNUSED_VARIABLE = YES;
				MACOSX_DEPLOYMENT_TARGET = 10.11;
				MTL_ENABLE_DEBUG_INFO = YES;
				ONLY_ACTIVE_ARCH = YES;
				SDKROOT = macosx;
			};
			name = Debug;
		};
		0FBBE08F1D078E7A000460A6 /* Release */ = {
			isa = XCBuildConfiguration;
			buildSettings = {
				ALWAYS_SEARCH_USER_PATHS = NO;
				CLANG_ANALYZER_NONNULL = YES;
				CLANG_CXX_LANGUAGE_STANDARD = "gnu++0x";
				CLANG_CXX_LIBRARY = "libc++";
				CLANG_ENABLE_MODULES = YES;
				CLANG_ENABLE_OBJC_ARC = YES;
				CLANG_WARN_BOOL_CONVERSION = YES;
				CLANG_WARN_CONSTANT_CONVERSION = YES;
				CLANG_WARN_DIRECT_OBJC_ISA_USAGE = YES_ERROR;
				CLANG_WARN_EMPTY_BODY = YES;
				CLANG_WARN_ENUM_CONVERSION = YES;
				CLANG_WARN_INT_CONVERSION = YES;
				CLANG_WARN_OBJC_ROOT_CLASS = YES_ERROR;
				CLANG_WARN_UNREACHABLE_CODE = YES;
				CLANG_WARN__DUPLICATE_METHOD_MATCH = YES;
				CODE_SIGN_IDENTITY = "-";
				COPY_PHASE_STRIP = NO;
				DEBUG_INFORMATION_FORMAT = "dwarf-with-dsym";
				ENABLE_NS_ASSERTIONS = NO;
				ENABLE_STRICT_OBJC_MSGSEND = YES;
				GCC_C_LANGUAGE_STANDARD = gnu99;
				GCC_NO_COMMON_BLOCKS = YES;
				GCC_WARN_64_TO_32_BIT_CONVERSION = YES;
				GCC_WARN_ABOUT_RETURN_TYPE = YES_ERROR;
				GCC_WARN_UNDECLARED_SELECTOR = YES;
				GCC_WARN_UNINITIALIZED_AUTOS = YES_AGGRESSIVE;
				GCC_WARN_UNUSED_FUNCTION = YES;
				GCC_WARN_UNUSED_VARIABLE = YES;
				MACOSX_DEPLOYMENT_TARGET = 10.11;
				MTL_ENABLE_DEBUG_INFO = NO;
				SDKROOT = macosx;
			};
			name = Release;
		};
		0FBBE0911D078E7A000460A6 /* Debug */ = {
			isa = XCBuildConfiguration;
			buildSettings = {
				PRODUCT_NAME = "$(TARGET_NAME)";
			};
			name = Debug;
		};
		0FBBE0921D078E7A000460A6 /* Release */ = {
			isa = XCBuildConfiguration;
			buildSettings = {
				PRODUCT_NAME = "$(TARGET_NAME)";
			};
			name = Release;
		};
/* End XCBuildConfiguration section */

/* Begin XCConfigurationList section */
		0FBBE0841D078E7A000460A6 /* Build configuration list for PBXProject "SG-problem1" */ = {
			isa = XCConfigurationList;
			buildConfigurations = (
				0FBBE08E1D078E7A000460A6 /* Debug */,
				0FBBE08F1D078E7A000460A6 /* Release */,
			);
			defaultConfigurationIsVisible = 0;
			defaultConfigurationName = Release;
		};
		0FBBE0901D078E7A000460A6 /* Build configuration list for PBXNativeTarget "SG-problem1" */ = {
			isa = XCConfigurationList;
			buildConfigurations = (
				0FBBE0911D078E7A000460A6 /* Debug */,
				0FBBE0921D078E7A000460A6 /* Release */,
			);
			defaultConfigurationIsVisible = 0;
		};
/* End XCConfigurationList section */
	};
	rootObject = 0FBBE0811D078E7A000460A6 /* Project object */;
}
